
Microsoft Visual Studio Solution File, Format Version 12.00
# Visual Studio 2013
VisualStudioVersion = 12.0.21005.1
MinimumVisualStudioVersion = 10.0.40219.1
Project("{FAE04EC0-301F-11D3-BF4B-00C04F79EFBC}") = "Student Management", "Student Management\Student Management.csproj", "{D3D69146-0E1D-4C6E-A434-389304E9AD38}"
EndProject
Global
	GlobalSection(SolutionConfigurationPlatforms) = preSolution
		Debug|Any CPU = Debug|Any CPU
		Release|Any CPU = Release|Any CPU
	EndGlobalSection
	GlobalSection(ProjectConfigurationPlatforms) = postSolution
		{D3D69146-0E1D-4C6E-A434-389304E9AD38}.Debug|Any CPU.ActiveCfg = Debug|Any CPU
		{D3D69146-0E1D-4C6E-A434-389304E9AD38}.Debug|Any CPU.Build.0 = Debug|Any CPU
		{D3D69146-0E1D-4C6E-A434-389304E9AD38}.Release|Any CPU.ActiveCfg = Release|Any CPU
		{D3D69146-0E1D-4C6E-A434-389304E9AD38}.Release|Any CPU.Build.0 = Release|Any CPU
	EndGlobalSection
	GlobalSection(SolutionProperties) = preSolution
		HideSolutionNode = FALSE
	EndGlobalSection
EndGlobal
